
Microsoft Visual Studio Solution File, Format Version 12.00
# Visual Studio Version 17
VisualStudioVersion = 17.14.36511.14
MinimumVisualStudioVersion = 10.0.40219.1
Project("{FAE04EC0-301F-11D3-BF4B-00C04F79EFBC}") = "Bridge", "Bridge\Bridge.csproj", "{69EC3942-5908-4492-A452-5C0788CA9880}"
EndProject
Project("{FAE04EC0-301F-11D3-BF4B-00C04F79EFBC}") = "TestLibraryObjects", "TestLibraryObjects\TestLibraryObjects.csproj", "{131D0B50-FA53-4828-BE92-D83B01770513}"
EndProject
Project("{FAE04EC0-301F-11D3-BF4B-00C04F79EFBC}") = "StoreBaeltTicketLibrary", "StoreBaeltTicketLibrary\StoreBaeltTicketLibrary.csproj", "{79927216-E588-42D7-8808-296F6FD3CCC6}"
EndProject
Global
	GlobalSection(SolutionConfigurationPlatforms) = preSolution
		Debug|Any CPU = Debug|Any CPU
		Release|Any CPU = Release|Any CPU
	EndGlobalSection
	GlobalSection(ProjectConfigurationPlatforms) = postSolution
		{69EC3942-5908-4492-A452-5C0788CA9880}.Debug|Any CPU.ActiveCfg = Debug|Any CPU
		{69EC3942-5908-4492-A452-5C0788CA9880}.Debug|Any CPU.Build.0 = Debug|Any CPU
		{69EC3942-5908-4492-A452-5C0788CA9880}.Release|Any CPU.ActiveCfg = Release|Any CPU
		{69EC3942-5908-4492-A452-5C0788CA9880}.Release|Any CPU.Build.0 = Release|Any CPU
		{131D0B50-FA53-4828-BE92-D83B01770513}.Debug|Any CPU.ActiveCfg = Debug|Any CPU
		{131D0B50-FA53-4828-BE92-D83B01770513}.Debug|Any CPU.Build.0 = Debug|Any CPU
		{131D0B50-FA53-4828-BE92-D83B01770513}.Release|Any CPU.ActiveCfg = Release|Any CPU
		{131D0B50-FA53-4828-BE92-D83B01770513}.Release|Any CPU.Build.0 = Release|Any CPU
		{79927216-E588-42D7-8808-296F6FD3CCC6}.Debug|Any CPU.ActiveCfg = Debug|Any CPU
		{79927216-E588-42D7-8808-296F6FD3CCC6}.Debug|Any CPU.Build.0 = Debug|Any CPU
		{79927216-E588-42D7-8808-296F6FD3CCC6}.Release|Any CPU.ActiveCfg = Release|Any CPU
		{79927216-E588-42D7-8808-296F6FD3CCC6}.Release|Any CPU.Build.0 = Release|Any CPU
	EndGlobalSection
	GlobalSection(SolutionProperties) = preSolution
		HideSolutionNode = FALSE
	EndGlobalSection
	GlobalSection(ExtensibilityGlobals) = postSolution
		SolutionGuid = {EC2179BA-80D0-48B7-B5FA-632702CDC03A}
	EndGlobalSection
EndGlobal
